// !$*UTF8*$!
{
	archiveVersion = 1;
	classes = {
	};
	objectVersion = 48;
	objects = {

/* Begin PBXBuildFile section */
		22094BBB1F9D20E20093B5FE /* StockTableViewCellTest.swift in Sources */ = {isa = PBXBuildFile; fileRef = 22094BBA1F9D20E20093B5FE /* StockTableViewCellTest.swift */; };
		225770831F9AC7A00030F5FE /* StockObject.swift in Sources */ = {isa = PBXBuildFile; fileRef = 225770821F9AC7A00030F5FE /* StockObject.swift */; };
		2260C5C51FA0786A002551E2 /* Extensions.swift in Sources */ = {isa = PBXBuildFile; fileRef = 2260C5C41FA0786A002551E2 /* Extensions.swift */; };
		2260C5C81FA0FB5A002551E2 /* StockObjectViewModel.swift in Sources */ = {isa = PBXBuildFile; fileRef = 2260C5C71FA0FB5A002551E2 /* StockObjectViewModel.swift */; };
		2260C5CA1FA11988002551E2 /* DataManager.swift in Sources */ = {isa = PBXBuildFile; fileRef = 2260C5C91FA11988002551E2 /* DataManager.swift */; };
		227D87011F9BA6FC00AF2B39 /* StockTableViewCell.swift in Sources */ = {isa = PBXBuildFile; fileRef = 227D87001F9BA6FC00AF2B39 /* StockTableViewCell.swift */; };
		227D87031F9BE58B00AF2B39 /* StockObjectTest.swift in Sources */ = {isa = PBXBuildFile; fileRef = 227D87021F9BE58A00AF2B39 /* StockObjectTest.swift */; };
		227D87041F9BE5C700AF2B39 /* StockObject.swift in Sources */ = {isa = PBXBuildFile; fileRef = 225770821F9AC7A00030F5FE /* StockObject.swift */; };
		2296F3661F99B38D00DC66E4 /* StockSymbolsViewController.swift in Sources */ = {isa = PBXBuildFile; fileRef = 2296F3651F99B38D00DC66E4 /* StockSymbolsViewController.swift */; };
		22A867511F9C392F00334526 /* NetworkTest.swift in Sources */ = {isa = PBXBuildFile; fileRef = 22A867501F9C392F00334526 /* NetworkTest.swift */; };
		22A867541F9C7F3E00334526 /* Globals.swift in Sources */ = {isa = PBXBuildFile; fileRef = 22A867531F9C7F3E00334526 /* Globals.swift */; };
		22A867551F9C829300334526 /* Globals.swift in Sources */ = {isa = PBXBuildFile; fileRef = 22A867531F9C7F3E00334526 /* Globals.swift */; };
		22B526591F99B4BD0098F348 /* DetailsViewController.swift in Sources */ = {isa = PBXBuildFile; fileRef = 22B526581F99B4BD0098F348 /* DetailsViewController.swift */; };
		22FAA3731F998D9800346117 /* AppDelegate.swift in Sources */ = {isa = PBXBuildFile; fileRef = 22FAA3721F998D9800346117 /* AppDelegate.swift */; };
		22FAA3781F998D9800346117 /* Main.storyboard in Resources */ = {isa = PBXBuildFile; fileRef = 22FAA3761F998D9800346117 /* Main.storyboard */; };
		22FAA37A1F998D9800346117 /* Assets.xcassets in Resources */ = {isa = PBXBuildFile; fileRef = 22FAA3791F998D9800346117 /* Assets.xcassets */; };
		22FAA37D1F998D9800346117 /* LaunchScreen.storyboard in Resources */ = {isa = PBXBuildFile; fileRef = 22FAA37B1F998D9800346117 /* LaunchScreen.storyboard */; };
		22FAA3881F998D9800346117 /* Stock_Quote_API_Demo_ProjectTests.swift in Sources */ = {isa = PBXBuildFile; fileRef = 22FAA3871F998D9800346117 /* Stock_Quote_API_Demo_ProjectTests.swift */; };
		22FAA3931F998D9800346117 /* Stock_Quote_API_Demo_ProjectUITests.swift in Sources */ = {isa = PBXBuildFile; fileRef = 22FAA3921F998D9800346117 /* Stock_Quote_API_Demo_ProjectUITests.swift */; };
		5F6593C842776B617E9A8BC6 /* Pods_Stock_Quote_API_Demo_ProjectTests.framework in Frameworks */ = {isa = PBXBuildFile; fileRef = BC359BF5DBC09EF83A7932FB /* Pods_Stock_Quote_API_Demo_ProjectTests.framework */; };
		63C5B7BD87B8A4CC56301EB9 /* Pods_Stock_Quote_API_Demo_ProjectUITests.framework in Frameworks */ = {isa = PBXBuildFile; fileRef = B299775B573F97F1044743A3 /* Pods_Stock_Quote_API_Demo_ProjectUITests.framework */; };
		DC721FA4FECFE89CE746045A /* Pods_Stock_Quote_API_Demo_Project.framework in Frameworks */ = {isa = PBXBuildFile; fileRef = 460CF301AE763EEA2617EDE5 /* Pods_Stock_Quote_API_Demo_Project.framework */; };
/* End PBXBuildFile section */

/* Begin PBXContainerItemProxy section */
		22FAA3841F998D9800346117 /* PBXContainerItemProxy */ = {
			isa = PBXContainerItemProxy;
			containerPortal = 22FAA3671F998D9700346117 /* Project object */;
			proxyType = 1;
			remoteGlobalIDString = 22FAA36E1F998D9700346117;
			remoteInfo = "Stock-Quote-API-Demo-Project";
		};
		22FAA38F1F998D9800346117 /* PBXContainerItemProxy */ = {
			isa = PBXContainerItemProxy;
			containerPortal = 22FAA3671F998D9700346117 /* Project object */;
			proxyType = 1;
			remoteGlobalIDString = 22FAA36E1F998D9700346117;
			remoteInfo = "Stock-Quote-API-Demo-Project";
		};
/* End PBXContainerItemProxy section */

/* Begin PBXFileReference section */
		1FA463C1826F9D6CB23A49AD /* Pods-Stock-Quote-API-Demo-ProjectTests.release.xcconfig */ = {isa = PBXFileReference; includeInIndex = 1; lastKnownFileType = text.xcconfig; name = "Pods-Stock-Quote-API-Demo-ProjectTests.release.xcconfig"; path = "Pods/Target Support Files/Pods-Stock-Quote-API-Demo-ProjectTests/Pods-Stock-Quote-API-Demo-ProjectTests.release.xcconfig"; sourceTree = "<group>"; };
		22094BBA1F9D20E20093B5FE /* StockTableViewCellTest.swift */ = {isa = PBXFileReference; lastKnownFileType = sourcecode.swift; path = StockTableViewCellTest.swift; sourceTree = "<group>"; };
		225770821F9AC7A00030F5FE /* StockObject.swift */ = {isa = PBXFileReference; lastKnownFileType = sourcecode.swift; path = StockObject.swift; sourceTree = "<group>"; };
		2260C5C41FA0786A002551E2 /* Extensions.swift */ = {isa = PBXFileReference; lastKnownFileType = sourcecode.swift; path = Extensions.swift; sourceTree = "<group>"; };
		2260C5C71FA0FB5A002551E2 /* StockObjectViewModel.swift */ = {isa = PBXFileReference; lastKnownFileType = sourcecode.swift; path = StockObjectViewModel.swift; sourceTree = "<group>"; };
		2260C5C91FA11988002551E2 /* DataManager.swift */ = {isa = PBXFileReference; lastKnownFileType = sourcecode.swift; path = DataManager.swift; sourceTree = "<group>"; };
		227D87001F9BA6FC00AF2B39 /* StockTableViewCell.swift */ = {isa = PBXFileReference; lastKnownFileType = sourcecode.swift; path = StockTableViewCell.swift; sourceTree = "<group>"; };
		227D87021F9BE58A00AF2B39 /* StockObjectTest.swift */ = {isa = PBXFileReference; lastKnownFileType = sourcecode.swift; path = StockObjectTest.swift; sourceTree = "<group>"; };
		2296F3651F99B38D00DC66E4 /* StockSymbolsViewController.swift */ = {isa = PBXFileReference; lastKnownFileType = sourcecode.swift; path = StockSymbolsViewController.swift; sourceTree = "<group>"; };
		22A867501F9C392F00334526 /* NetworkTest.swift */ = {isa = PBXFileReference; lastKnownFileType = sourcecode.swift; path = NetworkTest.swift; sourceTree = "<group>"; };
		22A867531F9C7F3E00334526 /* Globals.swift */ = {isa = PBXFileReference; lastKnownFileType = sourcecode.swift; path = Globals.swift; sourceTree = "<group>"; };
		22B526581F99B4BD0098F348 /* DetailsViewController.swift */ = {isa = PBXFileReference; lastKnownFileType = sourcecode.swift; path = DetailsViewController.swift; sourceTree = "<group>"; };
		22FAA36F1F998D9700346117 /* Stock-Quote-API-Demo-Project.app */ = {isa = PBXFileReference; explicitFileType = wrapper.application; includeInIndex = 0; path = "Stock-Quote-API-Demo-Project.app"; sourceTree = BUILT_PRODUCTS_DIR; };
		22FAA3721F998D9800346117 /* AppDelegate.swift */ = {isa = PBXFileReference; lastKnownFileType = sourcecode.swift; path = AppDelegate.swift; sourceTree = "<group>"; };
		22FAA3771F998D9800346117 /* Base */ = {isa = PBXFileReference; lastKnownFileType = file.storyboard; name = Base; path = Base.lproj/Main.storyboard; sourceTree = "<group>"; };
		22FAA3791F998D9800346117 /* Assets.xcassets */ = {isa = PBXFileReference; lastKnownFileType = folder.assetcatalog; path = Assets.xcassets; sourceTree = "<group>"; };
		22FAA37C1F998D9800346117 /* Base */ = {isa = PBXFileReference; lastKnownFileType = file.storyboard; name = Base; path = Base.lproj/LaunchScreen.storyboard; sourceTree = "<group>"; };
		22FAA37E1F998D9800346117 /* Info.plist */ = {isa = PBXFileReference; lastKnownFileType = text.plist.xml; path = Info.plist; sourceTree = "<group>"; };
		22FAA3831F998D9800346117 /* Stock-Quote-API-Demo-ProjectTests.xctest */ = {isa = PBXFileReference; explicitFileType = wrapper.cfbundle; includeInIndex = 0; path = "Stock-Quote-API-Demo-ProjectTests.xctest"; sourceTree = BUILT_PRODUCTS_DIR; };
		22FAA3871F998D9800346117 /* Stock_Quote_API_Demo_ProjectTests.swift */ = {isa = PBXFileReference; lastKnownFileType = sourcecode.swift; path = Stock_Quote_API_Demo_ProjectTests.swift; sourceTree = "<group>"; };
		22FAA3891F998D9800346117 /* Info.plist */ = {isa = PBXFileReference; lastKnownFileType = text.plist.xml; path = Info.plist; sourceTree = "<group>"; };
		22FAA38E1F998D9800346117 /* Stock-Quote-API-Demo-ProjectUITests.xctest */ = {isa = PBXFileReference; explicitFileType = wrapper.cfbundle; includeInIndex = 0; path = "Stock-Quote-API-Demo-ProjectUITests.xctest"; sourceTree = BUILT_PRODUCTS_DIR; };
		22FAA3921F998D9800346117 /* Stock_Quote_API_Demo_ProjectUITests.swift */ = {isa = PBXFileReference; lastKnownFileType = sourcecode.swift; path = Stock_Quote_API_Demo_ProjectUITests.swift; sourceTree = "<group>"; };
		22FAA3941F998D9800346117 /* Info.plist */ = {isa = PBXFileReference; lastKnownFileType = text.plist.xml; path = Info.plist; sourceTree = "<group>"; };
		28753E10576E86903FCB8956 /* Pods-Stock-Quote-API-Demo-ProjectUITests.release.xcconfig */ = {isa = PBXFileReference; includeInIndex = 1; lastKnownFileType = text.xcconfig; name = "Pods-Stock-Quote-API-Demo-ProjectUITests.release.xcconfig"; path = "Pods/Target Support Files/Pods-Stock-Quote-API-Demo-ProjectUITests/Pods-Stock-Quote-API-Demo-ProjectUITests.release.xcconfig"; sourceTree = "<group>"; };
		460CF301AE763EEA2617EDE5 /* Pods_Stock_Quote_API_Demo_Project.framework */ = {isa = PBXFileReference; explicitFileType = wrapper.framework; includeInIndex = 0; path = Pods_Stock_Quote_API_Demo_Project.framework; sourceTree = BUILT_PRODUCTS_DIR; };
		8F540BC0F814B9AEC4D224E8 /* Pods-Stock-Quote-API-Demo-ProjectTests.debug.xcconfig */ = {isa = PBXFileReference; includeInIndex = 1; lastKnownFileType = text.xcconfig; name = "Pods-Stock-Quote-API-Demo-ProjectTests.debug.xcconfig"; path = "Pods/Target Support Files/Pods-Stock-Quote-API-Demo-ProjectTests/Pods-Stock-Quote-API-Demo-ProjectTests.debug.xcconfig"; sourceTree = "<group>"; };
		B299775B573F97F1044743A3 /* Pods_Stock_Quote_API_Demo_ProjectUITests.framework */ = {isa = PBXFileReference; explicitFileType = wrapper.framework; includeInIndex = 0; path = Pods_Stock_Quote_API_Demo_ProjectUITests.framework; sourceTree = BUILT_PRODUCTS_DIR; };
		BAA73BD4B67C9F3383E76CAB /* Pods-Stock-Quote-API-Demo-Project.debug.xcconfig */ = {isa = PBXFileReference; includeInIndex = 1; lastKnownFileType = text.xcconfig; name = "Pods-Stock-Quote-API-Demo-Project.debug.xcconfig"; path = "Pods/Target Support Files/Pods-Stock-Quote-API-Demo-Project/Pods-Stock-Quote-API-Demo-Project.debug.xcconfig"; sourceTree = "<group>"; };
		BC359BF5DBC09EF83A7932FB /* Pods_Stock_Quote_API_Demo_ProjectTests.framework */ = {isa = PBXFileReference; explicitFileType = wrapper.framework; includeInIndex = 0; path = Pods_Stock_Quote_API_Demo_ProjectTests.framework; sourceTree = BUILT_PRODUCTS_DIR; };
		D28D92CF51A7E732FF8B52C0 /* Pods-Stock-Quote-API-Demo-Project.release.xcconfig */ = {isa = PBXFileReference; includeInIndex = 1; lastKnownFileType = text.xcconfig; name = "Pods-Stock-Quote-API-Demo-Project.release.xcconfig"; path = "Pods/Target Support Files/Pods-Stock-Quote-API-Demo-Project/Pods-Stock-Quote-API-Demo-Project.release.xcconfig"; sourceTree = "<group>"; };
		F0B00C3949C51D0C41818E58 /* Pods-Stock-Quote-API-Demo-ProjectUITests.debug.xcconfig */ = {isa = PBXFileReference; includeInIndex = 1; lastKnownFileType = text.xcconfig; name = "Pods-Stock-Quote-API-Demo-ProjectUITests.debug.xcconfig"; path = "Pods/Target Support Files/Pods-Stock-Quote-API-Demo-ProjectUITests/Pods-Stock-Quote-API-Demo-ProjectUITests.debug.xcconfig"; sourceTree = "<group>"; };
/* End PBXFileReference section */

/* Begin PBXFrameworksBuildPhase section */
		22FAA36C1F998D9700346117 /* Frameworks */ = {
			isa = PBXFrameworksBuildPhase;
			buildActionMask = 2147483647;
			files = (
				DC721FA4FECFE89CE746045A /* Pods_Stock_Quote_API_Demo_Project.framework in Frameworks */,
			);
			runOnlyForDeploymentPostprocessing = 0;
		};
		22FAA3801F998D9800346117 /* Frameworks */ = {
			isa = PBXFrameworksBuildPhase;
			buildActionMask = 2147483647;
			files = (
				5F6593C842776B617E9A8BC6 /* Pods_Stock_Quote_API_Demo_ProjectTests.framework in Frameworks */,
			);
			runOnlyForDeploymentPostprocessing = 0;
		};
		22FAA38B1F998D9800346117 /* Frameworks */ = {
			isa = PBXFrameworksBuildPhase;
			buildActionMask = 2147483647;
			files = (
				63C5B7BD87B8A4CC56301EB9 /* Pods_Stock_Quote_API_Demo_ProjectUITests.framework in Frameworks */,
			);
			runOnlyForDeploymentPostprocessing = 0;
		};
/* End PBXFrameworksBuildPhase section */

/* Begin PBXGroup section */
		225770811F9AC7880030F5FE /* Model */ = {
			isa = PBXGroup;
			children = (
				225770821F9AC7A00030F5FE /* StockObject.swift */,
			);
			path = Model;
			sourceTree = "<group>";
		};
		2260C5C61FA0F78D002551E2 /* ViewModel */ = {
			isa = PBXGroup;
			children = (
				2260C5C71FA0FB5A002551E2 /* StockObjectViewModel.swift */,
			);
			path = ViewModel;
			sourceTree = "<group>";
		};
		227D86FF1F9BA6D800AF2B39 /* View */ = {
			isa = PBXGroup;
			children = (
				227D87001F9BA6FC00AF2B39 /* StockTableViewCell.swift */,
			);
			path = View;
			sourceTree = "<group>";
		};
		2296F3671F99B39300DC66E4 /* Controller */ = {
			isa = PBXGroup;
			children = (
				2296F3651F99B38D00DC66E4 /* StockSymbolsViewController.swift */,
				22B526581F99B4BD0098F348 /* DetailsViewController.swift */,
			);
			path = Controller;
			sourceTree = "<group>";
		};
		22A867521F9C7F0D00334526 /* Helpers */ = {
			isa = PBXGroup;
			children = (
				22A867531F9C7F3E00334526 /* Globals.swift */,
				2260C5C41FA0786A002551E2 /* Extensions.swift */,
			);
			path = Helpers;
			sourceTree = "<group>";
		};
		22B5265A1F9A6D7A0098F348 /* Network */ = {
			isa = PBXGroup;
			children = (
				2260C5C91FA11988002551E2 /* DataManager.swift */,
			);
			path = Network;
			sourceTree = "<group>";
		};
		22FAA3661F998D9700346117 = {
			isa = PBXGroup;
			children = (
				22FAA3711F998D9800346117 /* Stock-Quote-API-Demo-Project */,
				22FAA3861F998D9800346117 /* Stock-Quote-API-Demo-ProjectTests */,
				22FAA3911F998D9800346117 /* Stock-Quote-API-Demo-ProjectUITests */,
				22FAA3701F998D9700346117 /* Products */,
				FCB2C25FBF6EB71C78033255 /* Pods */,
				6A3495E4BC412F3BB4E47B4D /* Frameworks */,
			);
			sourceTree = "<group>";
		};
		22FAA3701F998D9700346117 /* Products */ = {
			isa = PBXGroup;
			children = (
				22FAA36F1F998D9700346117 /* Stock-Quote-API-Demo-Project.app */,
				22FAA3831F998D9800346117 /* Stock-Quote-API-Demo-ProjectTests.xctest */,
				22FAA38E1F998D9800346117 /* Stock-Quote-API-Demo-ProjectUITests.xctest */,
			);
			name = Products;
			sourceTree = "<group>";
		};
		22FAA3711F998D9800346117 /* Stock-Quote-API-Demo-Project */ = {
			isa = PBXGroup;
			children = (
				2260C5C61FA0F78D002551E2 /* ViewModel */,
				225770811F9AC7880030F5FE /* Model */,
				227D86FF1F9BA6D800AF2B39 /* View */,
				22B5265A1F9A6D7A0098F348 /* Network */,
				2296F3671F99B39300DC66E4 /* Controller */,
				22FAA3721F998D9800346117 /* AppDelegate.swift */,
				22A867521F9C7F0D00334526 /* Helpers */,
				22FAA3761F998D9800346117 /* Main.storyboard */,
				22FAA3791F998D9800346117 /* Assets.xcassets */,
				22FAA37B1F998D9800346117 /* LaunchScreen.storyboard */,
				22FAA37E1F998D9800346117 /* Info.plist */,
			);
			path = "Stock-Quote-API-Demo-Project";
			sourceTree = "<group>";
		};
		22FAA3861F998D9800346117 /* Stock-Quote-API-Demo-ProjectTests */ = {
			isa = PBXGroup;
			children = (
				22094BBA1F9D20E20093B5FE /* StockTableViewCellTest.swift */,
				22A867501F9C392F00334526 /* NetworkTest.swift */,
				227D87021F9BE58A00AF2B39 /* StockObjectTest.swift */,
				22FAA3871F998D9800346117 /* Stock_Quote_API_Demo_ProjectTests.swift */,
				22FAA3891F998D9800346117 /* Info.plist */,
			);
			path = "Stock-Quote-API-Demo-ProjectTests";
			sourceTree = "<group>";
		};
		22FAA3911F998D9800346117 /* Stock-Quote-API-Demo-ProjectUITests */ = {
			isa = PBXGroup;
			children = (
				22FAA3921F998D9800346117 /* Stock_Quote_API_Demo_ProjectUITests.swift */,
				22FAA3941F998D9800346117 /* Info.plist */,
			);
			path = "Stock-Quote-API-Demo-ProjectUITests";
			sourceTree = "<group>";
		};
		6A3495E4BC412F3BB4E47B4D /* Frameworks */ = {
			isa = PBXGroup;
			children = (
				460CF301AE763EEA2617EDE5 /* Pods_Stock_Quote_API_Demo_Project.framework */,
				BC359BF5DBC09EF83A7932FB /* Pods_Stock_Quote_API_Demo_ProjectTests.framework */,
				B299775B573F97F1044743A3 /* Pods_Stock_Quote_API_Demo_ProjectUITests.framework */,
			);
			name = Frameworks;
			sourceTree = "<group>";
		};
		FCB2C25FBF6EB71C78033255 /* Pods */ = {
			isa = PBXGroup;
			children = (
				BAA73BD4B67C9F3383E76CAB /* Pods-Stock-Quote-API-Demo-Project.debug.xcconfig */,
				D28D92CF51A7E732FF8B52C0 /* Pods-Stock-Quote-API-Demo-Project.release.xcconfig */,
				8F540BC0F814B9AEC4D224E8 /* Pods-Stock-Quote-API-Demo-ProjectTests.debug.xcconfig */,
				1FA463C1826F9D6CB23A49AD /* Pods-Stock-Quote-API-Demo-ProjectTests.release.xcconfig */,
				F0B00C3949C51D0C41818E58 /* Pods-Stock-Quote-API-Demo-ProjectUITests.debug.xcconfig */,
				28753E10576E86903FCB8956 /* Pods-Stock-Quote-API-Demo-ProjectUITests.release.xcconfig */,
			);
			name = Pods;
			sourceTree = "<group>";
		};
/* End PBXGroup section */

/* Begin PBXNativeTarget section */
		22FAA36E1F998D9700346117 /* Stock-Quote-API-Demo-Project */ = {
			isa = PBXNativeTarget;
			buildConfigurationList = 22FAA3971F998D9800346117 /* Build configuration list for PBXNativeTarget "Stock-Quote-API-Demo-Project" */;
			buildPhases = (
				38794DF23139AC58D99F93BE /* [CP] Check Pods Manifest.lock */,
				22FAA36B1F998D9700346117 /* Sources */,
				22FAA36C1F998D9700346117 /* Frameworks */,
				22FAA36D1F998D9700346117 /* Resources */,
				930821456CE36739C1CC7F3A /* [CP] Embed Pods Frameworks */,
				B674319BA32EF5A731A6DA14 /* [CP] Copy Pods Resources */,
			);
			buildRules = (
			);
			dependencies = (
			);
			name = "Stock-Quote-API-Demo-Project";
			productName = "Stock-Quote-API-Demo-Project";
			productReference = 22FAA36F1F998D9700346117 /* Stock-Quote-API-Demo-Project.app */;
			productType = "com.apple.product-type.application";
		};
		22FAA3821F998D9800346117 /* Stock-Quote-API-Demo-ProjectTests */ = {
			isa = PBXNativeTarget;
			buildConfigurationList = 22FAA39A1F998D9800346117 /* Build configuration list for PBXNativeTarget "Stock-Quote-API-Demo-ProjectTests" */;
			buildPhases = (
				800FF00E12DEE27FE900307B /* [CP] Check Pods Manifest.lock */,
				22FAA37F1F998D9800346117 /* Sources */,
				22FAA3801F998D9800346117 /* Frameworks */,
				22FAA3811F998D9800346117 /* Resources */,
				3B7D0C2E7BBBD44A46B5A93A /* [CP] Embed Pods Frameworks */,
				9031A23BF240309F1890679D /* [CP] Copy Pods Resources */,
			);
			buildRules = (
			);
			dependencies = (
				22FAA3851F998D9800346117 /* PBXTargetDependency */,
			);
			name = "Stock-Quote-API-Demo-ProjectTests";
			productName = "Stock-Quote-API-Demo-ProjectTests";
			productReference = 22FAA3831F998D9800346117 /* Stock-Quote-API-Demo-ProjectTests.xctest */;
			productType = "com.apple.product-type.bundle.unit-test";
		};
		22FAA38D1F998D9800346117 /* Stock-Quote-API-Demo-ProjectUITests */ = {
			isa = PBXNativeTarget;
			buildConfigurationList = 22FAA39D1F998D9800346117 /* Build configuration list for PBXNativeTarget "Stock-Quote-API-Demo-ProjectUITests" */;
			buildPhases = (
				31776780191B3B19F627FE15 /* [CP] Check Pods Manifest.lock */,
				22FAA38A1F998D9800346117 /* Sources */,
				22FAA38B1F998D9800346117 /* Frameworks */,
				22FAA38C1F998D9800346117 /* Resources */,
				EB90C4629C35E1BFC505839B /* [CP] Embed Pods Frameworks */,
				0AB1C7D653F086CD8B8D8583 /* [CP] Copy Pods Resources */,
			);
			buildRules = (
			);
			dependencies = (
				22FAA3901F998D9800346117 /* PBXTargetDependency */,
			);
			name = "Stock-Quote-API-Demo-ProjectUITests";
			productName = "Stock-Quote-API-Demo-ProjectUITests";
			productReference = 22FAA38E1F998D9800346117 /* Stock-Quote-API-Demo-ProjectUITests.xctest */;
			productType = "com.apple.product-type.bundle.ui-testing";
		};
/* End PBXNativeTarget section */

/* Begin PBXProject section */
		22FAA3671F998D9700346117 /* Project object */ = {
			isa = PBXProject;
			attributes = {
				LastSwiftUpdateCheck = 0900;
				LastUpgradeCheck = 0900;
				ORGANIZATIONNAME = "Timothy Peter";
				TargetAttributes = {
					22FAA36E1F998D9700346117 = {
						CreatedOnToolsVersion = 9.0.1;
						ProvisioningStyle = Automatic;
					};
					22FAA3821F998D9800346117 = {
						CreatedOnToolsVersion = 9.0.1;
						ProvisioningStyle = Automatic;
						TestTargetID = 22FAA36E1F998D9700346117;
					};
					22FAA38D1F998D9800346117 = {
						CreatedOnToolsVersion = 9.0.1;
						ProvisioningStyle = Automatic;
						TestTargetID = 22FAA36E1F998D9700346117;
					};
				};
			};
			buildConfigurationList = 22FAA36A1F998D9700346117 /* Build configuration list for PBXProject "Stock-Quote-API-Demo-Project" */;
			compatibilityVersion = "Xcode 8.0";
			developmentRegion = en;
			hasScannedForEncodings = 0;
			knownRegions = (
				en,
				Base,
			);
			mainGroup = 22FAA3661F998D9700346117;
			productRefGroup = 22FAA3701F998D9700346117 /* Products */;
			projectDirPath = "";
			projectRoot = "";
			targets = (
				22FAA36E1F998D9700346117 /* Stock-Quote-API-Demo-Project */,
				22FAA3821F998D9800346117 /* Stock-Quote-API-Demo-ProjectTests */,
				22FAA38D1F998D9800346117 /* Stock-Quote-API-Demo-ProjectUITests */,
			);
		};
/* End PBXProject section */

/* Begin PBXResourcesBuildPhase section */
		22FAA36D1F998D9700346117 /* Resources */ = {
			isa = PBXResourcesBuildPhase;
			buildActionMask = 2147483647;
			files = (
				22FAA37D1F998D9800346117 /* LaunchScreen.storyboard in Resources */,
				22FAA37A1F998D9800346117 /* Assets.xcassets in Resources */,
				22FAA3781F998D9800346117 /* Main.storyboard in Resources */,
			);
			runOnlyForDeploymentPostprocessing = 0;
		};
		22FAA3811F998D9800346117 /* Resources */ = {
			isa = PBXResourcesBuildPhase;
			buildActionMask = 2147483647;
			files = (
			);
			runOnlyForDeploymentPostprocessing = 0;
		};
		22FAA38C1F998D9800346117 /* Resources */ = {
			isa = PBXResourcesBuildPhase;
			buildActionMask = 2147483647;
			files = (
			);
			runOnlyForDeploymentPostprocessing = 0;
		};
/* End PBXResourcesBuildPhase section */

/* Begin PBXShellScriptBuildPhase section */
		0AB1C7D653F086CD8B8D8583 /* [CP] Copy Pods Resources */ = {
			isa = PBXShellScriptBuildPhase;
			buildActionMask = 2147483647;
			files = (
			);
			inputPaths = (
			);
			name = "[CP] Copy Pods Resources";
			outputPaths = (
			);
			runOnlyForDeploymentPostprocessing = 0;
			shellPath = /bin/sh;
			shellScript = "\"${SRCROOT}/Pods/Target Support Files/Pods-Stock-Quote-API-Demo-ProjectUITests/Pods-Stock-Quote-API-Demo-ProjectUITests-resources.sh\"\n";
			showEnvVarsInLog = 0;
		};
		31776780191B3B19F627FE15 /* [CP] Check Pods Manifest.lock */ = {
			isa = PBXShellScriptBuildPhase;
			buildActionMask = 2147483647;
			files = (
			);
			inputPaths = (
				"${PODS_PODFILE_DIR_PATH}/Podfile.lock",
				"${PODS_ROOT}/Manifest.lock",
			);
			name = "[CP] Check Pods Manifest.lock";
			outputPaths = (
				"$(DERIVED_FILE_DIR)/Pods-Stock-Quote-API-Demo-ProjectUITests-checkManifestLockResult.txt",
			);
			runOnlyForDeploymentPostprocessing = 0;
			shellPath = /bin/sh;
			shellScript = "diff \"${PODS_PODFILE_DIR_PATH}/Podfile.lock\" \"${PODS_ROOT}/Manifest.lock\" > /dev/null\nif [ $? != 0 ] ; then\n    # print error to STDERR\n    echo \"error: The sandbox is not in sync with the Podfile.lock. Run 'pod install' or update your CocoaPods installation.\" >&2\n    exit 1\nfi\n# This output is used by Xcode 'outputs' to avoid re-running this script phase.\necho \"SUCCESS\" > \"${SCRIPT_OUTPUT_FILE_0}\"\n";
			showEnvVarsInLog = 0;
		};
		38794DF23139AC58D99F93BE /* [CP] Check Pods Manifest.lock */ = {
			isa = PBXShellScriptBuildPhase;
			buildActionMask = 2147483647;
			files = (
			);
			inputPaths = (
				"${PODS_PODFILE_DIR_PATH}/Podfile.lock",
				"${PODS_ROOT}/Manifest.lock",
			);
			name = "[CP] Check Pods Manifest.lock";
			outputPaths = (
				"$(DERIVED_FILE_DIR)/Pods-Stock-Quote-API-Demo-Project-checkManifestLockResult.txt",
			);
			runOnlyForDeploymentPostprocessing = 0;
			shellPath = /bin/sh;
			shellScript = "diff \"${PODS_PODFILE_DIR_PATH}/Podfile.lock\" \"${PODS_ROOT}/Manifest.lock\" > /dev/null\nif [ $? != 0 ] ; then\n    # print error to STDERR\n    echo \"error: The sandbox is not in sync with the Podfile.lock. Run 'pod install' or update your CocoaPods installation.\" >&2\n    exit 1\nfi\n# This output is used by Xcode 'outputs' to avoid re-running this script phase.\necho \"SUCCESS\" > \"${SCRIPT_OUTPUT_FILE_0}\"\n";
			showEnvVarsInLog = 0;
		};
		3B7D0C2E7BBBD44A46B5A93A /* [CP] Embed Pods Frameworks */ = {
			isa = PBXShellScriptBuildPhase;
			buildActionMask = 2147483647;
			files = (
			);
			inputPaths = (
				"${SRCROOT}/Pods/Target Support Files/Pods-Stock-Quote-API-Demo-ProjectTests/Pods-Stock-Quote-API-Demo-ProjectTests-frameworks.sh",
				"${BUILT_PRODUCTS_DIR}/Alamofire/Alamofire.framework",
				"${BUILT_PRODUCTS_DIR}/SwiftyJSON/SwiftyJSON.framework",
			);
			name = "[CP] Embed Pods Frameworks";
			outputPaths = (
				"${TARGET_BUILD_DIR}/${FRAMEWORKS_FOLDER_PATH}/Alamofire.framework",
				"${TARGET_BUILD_DIR}/${FRAMEWORKS_FOLDER_PATH}/SwiftyJSON.framework",
			);
			runOnlyForDeploymentPostprocessing = 0;
			shellPath = /bin/sh;
			shellScript = "\"${SRCROOT}/Pods/Target Support Files/Pods-Stock-Quote-API-Demo-ProjectTests/Pods-Stock-Quote-API-Demo-ProjectTests-frameworks.sh\"\n";
			showEnvVarsInLog = 0;
		};
		800FF00E12DEE27FE900307B /* [CP] Check Pods Manifest.lock */ = {
			isa = PBXShellScriptBuildPhase;
			buildActionMask = 2147483647;
			files = (
			);
			inputPaths = (
				"${PODS_PODFILE_DIR_PATH}/Podfile.lock",
				"${PODS_ROOT}/Manifest.lock",
			);
			name = "[CP] Check Pods Manifest.lock";
			outputPaths = (
				"$(DERIVED_FILE_DIR)/Pods-Stock-Quote-API-Demo-ProjectTests-checkManifestLockResult.txt",
			);
			runOnlyForDeploymentPostprocessing = 0;
			shellPath = /bin/sh;
			shellScript = "diff \"${PODS_PODFILE_DIR_PATH}/Podfile.lock\" \"${PODS_ROOT}/Manifest.lock\" > /dev/null\nif [ $? != 0 ] ; then\n    # print error to STDERR\n    echo \"error: The sandbox is not in sync with the Podfile.lock. Run 'pod install' or update your CocoaPods installation.\" >&2\n    exit 1\nfi\n# This output is used by Xcode 'outputs' to avoid re-running this script phase.\necho \"SUCCESS\" > \"${SCRIPT_OUTPUT_FILE_0}\"\n";
			showEnvVarsInLog = 0;
		};
		9031A23BF240309F1890679D /* [CP] Copy Pods Resources */ = {
			isa = PBXShellScriptBuildPhase;
			buildActionMask = 2147483647;
			files = (
			);
			inputPaths = (
			);
			name = "[CP] Copy Pods Resources";
			outputPaths = (
			);
			runOnlyForDeploymentPostprocessing = 0;
			shellPath = /bin/sh;
			shellScript = "\"${SRCROOT}/Pods/Target Support Files/Pods-Stock-Quote-API-Demo-ProjectTests/Pods-Stock-Quote-API-Demo-ProjectTests-resources.sh\"\n";
			showEnvVarsInLog = 0;
		};
		930821456CE36739C1CC7F3A /* [CP] Embed Pods Frameworks */ = {
			isa = PBXShellScriptBuildPhase;
			buildActionMask = 2147483647;
			files = (
			);
			inputPaths = (
				"${SRCROOT}/Pods/Target Support Files/Pods-Stock-Quote-API-Demo-Project/Pods-Stock-Quote-API-Demo-Project-frameworks.sh",
				"${BUILT_PRODUCTS_DIR}/Alamofire/Alamofire.framework",
				"${BUILT_PRODUCTS_DIR}/SwiftyJSON/SwiftyJSON.framework",
			);
			name = "[CP] Embed Pods Frameworks";
			outputPaths = (
				"${TARGET_BUILD_DIR}/${FRAMEWORKS_FOLDER_PATH}/Alamofire.framework",
				"${TARGET_BUILD_DIR}/${FRAMEWORKS_FOLDER_PATH}/SwiftyJSON.framework",
			);
			runOnlyForDeploymentPostprocessing = 0;
			shellPath = /bin/sh;
			shellScript = "\"${SRCROOT}/Pods/Target Support Files/Pods-Stock-Quote-API-Demo-Project/Pods-Stock-Quote-API-Demo-Project-frameworks.sh\"\n";
			showEnvVarsInLog = 0;
		};
		B674319BA32EF5A731A6DA14 /* [CP] Copy Pods Resources */ = {
			isa = PBXShellScriptBuildPhase;
			buildActionMask = 2147483647;
			files = (
			);
			inputPaths = (
			);
			name = "[CP] Copy Pods Resources";
			outputPaths = (
			);
			runOnlyForDeploymentPostprocessing = 0;
			shellPath = /bin/sh;
			shellScript = "\"${SRCROOT}/Pods/Target Support Files/Pods-Stock-Quote-API-Demo-Project/Pods-Stock-Quote-API-Demo-Project-resources.sh\"\n";
			showEnvVarsInLog = 0;
		};
		EB90C4629C35E1BFC505839B /* [CP] Embed Pods Frameworks */ = {
			isa = PBXShellScriptBuildPhase;
			buildActionMask = 2147483647;
			files = (
			);
			inputPaths = (
			);
			name = "[CP] Embed Pods Frameworks";
			outputPaths = (
			);
			runOnlyForDeploymentPostprocessing = 0;
			shellPath = /bin/sh;
			shellScript = "\"${SRCROOT}/Pods/Target Support Files/Pods-Stock-Quote-API-Demo-ProjectUITests/Pods-Stock-Quote-API-Demo-ProjectUITests-frameworks.sh\"\n";
			showEnvVarsInLog = 0;
		};
/* End PBXShellScriptBuildPhase section */

/* Begin PBXSourcesBuildPhase section */
		22FAA36B1F998D9700346117 /* Sources */ = {
			isa = PBXSourcesBuildPhase;
			buildActionMask = 2147483647;
			files = (
				227D87011F9BA6FC00AF2B39 /* StockTableViewCell.swift in Sources */,
				2260C5CA1FA11988002551E2 /* DataManager.swift in Sources */,
				2296F3661F99B38D00DC66E4 /* StockSymbolsViewController.swift in Sources */,
				2260C5C51FA0786A002551E2 /* Extensions.swift in Sources */,
				22FAA3731F998D9800346117 /* AppDelegate.swift in Sources */,
				22B526591F99B4BD0098F348 /* DetailsViewController.swift in Sources */,
				22A867541F9C7F3E00334526 /* Globals.swift in Sources */,
				225770831F9AC7A00030F5FE /* StockObject.swift in Sources */,
				2260C5C81FA0FB5A002551E2 /* StockObjectViewModel.swift in Sources */,
			);
			runOnlyForDeploymentPostprocessing = 0;
		};
		22FAA37F1F998D9800346117 /* Sources */ = {
			isa = PBXSourcesBuildPhase;
			buildActionMask = 2147483647;
			files = (
				22094BBB1F9D20E20093B5FE /* StockTableViewCellTest.swift in Sources */,
				22FAA3881F998D9800346117 /* Stock_Quote_API_Demo_ProjectTests.swift in Sources */,
				227D87031F9BE58B00AF2B39 /* StockObjectTest.swift in Sources */,
				22A867511F9C392F00334526 /* NetworkTest.swift in Sources */,
				22A867551F9C829300334526 /* Globals.swift in Sources */,
				227D87041F9BE5C700AF2B39 /* StockObject.swift in Sources */,
			);
			runOnlyForDeploymentPostprocessing = 0;
		};
		22FAA38A1F998D9800346117 /* Sources */ = {
			isa = PBXSourcesBuildPhase;
			buildActionMask = 2147483647;
			files = (
				22FAA3931F998D9800346117 /* Stock_Quote_API_Demo_ProjectUITests.swift in Sources */,
			);
			runOnlyForDeploymentPostprocessing = 0;
		};
/* End PBXSourcesBuildPhase section */

/* Begin PBXTargetDependency section */
		22FAA3851F998D9800346117 /* PBXTargetDependency */ = {
			isa = PBXTargetDependency;
			target = 22FAA36E1F998D9700346117 /* Stock-Quote-API-Demo-Project */;
			targetProxy = 22FAA3841F998D9800346117 /* PBXContainerItemProxy */;
		};
		22FAA3901F998D9800346117 /* PBXTargetDependency */ = {
			isa = PBXTargetDependency;
			target = 22FAA36E1F998D9700346117 /* Stock-Quote-API-Demo-Project */;
			targetProxy = 22FAA38F1F998D9800346117 /* PBXContainerItemProxy */;
		};
/* End PBXTargetDependency section */

/* Begin PBXVariantGroup section */
		22FAA3761F998D9800346117 /* Main.storyboard */ = {
			isa = PBXVariantGroup;
			children = (
				22FAA3771F998D9800346117 /* Base */,
			);
			name = Main.storyboard;
			sourceTree = "<group>";
		};
		22FAA37B1F998D9800346117 /* LaunchScreen.storyboard */ = {
			isa = PBXVariantGroup;
			children = (
				22FAA37C1F998D9800346117 /* Base */,
			);
			name = LaunchScreen.storyboard;
			sourceTree = "<group>";
		};
/* End PBXVariantGroup section */

/* Begin XCBuildConfiguration section */
		22FAA3951F998D9800346117 /* Debug */ = {
			isa = XCBuildConfiguration;
			buildSettings = {
				ALWAYS_SEARCH_USER_PATHS = NO;
				CLANG_ANALYZER_NONNULL = YES;
				CLANG_ANALYZER_NUMBER_OBJECT_CONVERSION = YES_AGGRESSIVE;
				CLANG_CXX_LANGUAGE_STANDARD = "gnu++14";
				CLANG_CXX_LIBRARY = "libc++";
				CLANG_ENABLE_MODULES = YES;
				CLANG_ENABLE_OBJC_ARC = YES;
				CLANG_WARN_BLOCK_CAPTURE_AUTORELEASING = YES;
				CLANG_WARN_BOOL_CONVERSION = YES;
				CLANG_WARN_COMMA = YES;
				CLANG_WARN_CONSTANT_CONVERSION = YES;
				CLANG_WARN_DIRECT_OBJC_ISA_USAGE = YES_ERROR;
				CLANG_WARN_DOCUMENTATION_COMMENTS = YES;
				CLANG_WARN_EMPTY_BODY = YES;
				CLANG_WARN_ENUM_CONVERSION = YES;
				CLANG_WARN_INFINITE_RECURSION = YES;
				CLANG_WARN_INT_CONVERSION = YES;
				CLANG_WARN_NON_LITERAL_NULL_CONVERSION = YES;
				CLANG_WARN_OBJC_LITERAL_CONVERSION = YES;
				CLANG_WARN_OBJC_ROOT_CLASS = YES_ERROR;
				CLANG_WARN_RANGE_LOOP_ANALYSIS = YES;
				CLANG_WARN_STRICT_PROTOTYPES = YES;
				CLANG_WARN_SUSPICIOUS_MOVE = YES;
				CLANG_WARN_UNGUARDED_AVAILABILITY = YES_AGGRESSIVE;
				CLANG_WARN_UNREACHABLE_CODE = YES;
				CLANG_WARN__DUPLICATE_METHOD_MATCH = YES;
				CODE_SIGN_IDENTITY = "iPhone Developer";
				COPY_PHASE_STRIP = NO;
				DEBUG_INFORMATION_FORMAT = dwarf;
				ENABLE_STRICT_OBJC_MSGSEND = YES;
				ENABLE_TESTABILITY = YES;
				GCC_C_LANGUAGE_STANDARD = gnu11;
				GCC_DYNAMIC_NO_PIC = NO;
				GCC_NO_COMMON_BLOCKS = YES;
				GCC_OPTIMIZATION_LEVEL = 0;
				GCC_PREPROCESSOR_DEFINITIONS = (
					"DEBUG=1",
					"$(inherited)",
				);
				GCC_WARN_64_TO_32_BIT_CONVERSION = YES;
				GCC_WARN_ABOUT_RETURN_TYPE = YES_ERROR;
				GCC_WARN_UNDECLARED_SELECTOR = YES;
				GCC_WARN_UNINITIALIZED_AUTOS = YES_AGGRESSIVE;
				GCC_WARN_UNUSED_FUNCTION = YES;
				GCC_WARN_UNUSED_VARIABLE = YES;
				IPHONEOS_DEPLOYMENT_TARGET = 11.0;
				MTL_ENABLE_DEBUG_INFO = YES;
				ONLY_ACTIVE_ARCH = YES;
				SDKROOT = iphoneos;
				SWIFT_ACTIVE_COMPILATION_CONDITIONS = DEBUG;
				SWIFT_OPTIMIZATION_LEVEL = "-Onone";
			};
			name = Debug;
		};
		22FAA3961F998D9800346117 /* Release */ = {
			isa = XCBuildConfiguration;
			buildSettings = {
				ALWAYS_SEARCH_USER_PATHS = NO;
				CLANG_ANALYZER_NONNULL = YES;
				CLANG_ANALYZER_NUMBER_OBJECT_CONVERSION = YES_AGGRESSIVE;
				CLANG_CXX_LANGUAGE_STANDARD = "gnu++14";
				CLANG_CXX_LIBRARY = "libc++";
				CLANG_ENABLE_MODULES = YES;
				CLANG_ENABLE_OBJC_ARC = YES;
				CLANG_WARN_BLOCK_CAPTURE_AUTORELEASING = YES;
				CLANG_WARN_BOOL_CONVERSION = YES;
				CLANG_WARN_COMMA = YES;
				CLANG_WARN_CONSTANT_CONVERSION = YES;
				CLANG_WARN_DIRECT_OBJC_ISA_USAGE = YES_ERROR;
				CLANG_WARN_DOCUMENTATION_COMMENTS = YES;
				CLANG_WARN_EMPTY_BODY = YES;
				CLANG_WARN_ENUM_CONVERSION = YES;
				CLANG_WARN_INFINITE_RECURSION = YES;
				CLANG_WARN_INT_CONVERSION = YES;
				CLANG_WARN_NON_LITERAL_NULL_CONVERSION = YES;
				CLANG_WARN_OBJC_LITERAL_CONVERSION = YES;
				CLANG_WARN_OBJC_ROOT_CLASS = YES_ERROR;
				CLANG_WARN_RANGE_LOOP_ANALYSIS = YES;
				CLANG_WARN_STRICT_PROTOTYPES = YES;
				CLANG_WARN_SUSPICIOUS_MOVE = YES;
				CLANG_WARN_UNGUARDED_AVAILABILITY = YES_AGGRESSIVE;
				CLANG_WARN_UNREACHABLE_CODE = YES;
				CLANG_WARN__DUPLICATE_METHOD_MATCH = YES;
				CODE_SIGN_IDENTITY = "iPhone Developer";
				COPY_PHASE_STRIP = NO;
				DEBUG_INFORMATION_FORMAT = "dwarf-with-dsym";
				ENABLE_NS_ASSERTIONS = NO;
				ENABLE_STRICT_OBJC_MSGSEND = YES;
				GCC_C_LANGUAGE_STANDARD = gnu11;
				GCC_NO_COMMON_BLOCKS = YES;
				GCC_WARN_64_TO_32_BIT_CONVERSION = YES;
				GCC_WARN_ABOUT_RETURN_TYPE = YES_ERROR;
				GCC_WARN_UNDECLARED_SELECTOR = YES;
				GCC_WARN_UNINITIALIZED_AUTOS = YES_AGGRESSIVE;
				GCC_WARN_UNUSED_FUNCTION = YES;
				GCC_WARN_UNUSED_VARIABLE = YES;
				IPHONEOS_DEPLOYMENT_TARGET = 11.0;
				MTL_ENABLE_DEBUG_INFO = NO;
				SDKROOT = iphoneos;
				SWIFT_OPTIMIZATION_LEVEL = "-Owholemodule";
				VALIDATE_PRODUCT = YES;
			};
			name = Release;
		};
		22FAA3981F998D9800346117 /* Debug */ = {
			isa = XCBuildConfiguration;
			baseConfigurationReference = BAA73BD4B67C9F3383E76CAB /* Pods-Stock-Quote-API-Demo-Project.debug.xcconfig */;
			buildSettings = {
				ASSETCATALOG_COMPILER_APPICON_NAME = AppIcon;
				CODE_SIGN_STYLE = Automatic;
				DEVELOPMENT_TEAM = 4M6DBQ9CQX;
				INFOPLIST_FILE = "Stock-Quote-API-Demo-Project/Info.plist";
				IPHONEOS_DEPLOYMENT_TARGET = 10.0;
				LD_RUNPATH_SEARCH_PATHS = "$(inherited) @executable_path/Frameworks";
				PRODUCT_BUNDLE_IDENTIFIER = "Timothy-Peter.Stock-Quote-API-Demo-Project";
				PRODUCT_NAME = "$(TARGET_NAME)";
				SWIFT_VERSION = 4.0;
				TARGETED_DEVICE_FAMILY = "1,2";
			};
			name = Debug;
		};
		22FAA3991F998D9800346117 /* Release */ = {
			isa = XCBuildConfiguration;
			baseConfigurationReference = D28D92CF51A7E732FF8B52C0 /* Pods-Stock-Quote-API-Demo-Project.release.xcconfig */;
			buildSettings = {
				ASSETCATALOG_COMPILER_APPICON_NAME = AppIcon;
				CODE_SIGN_STYLE = Automatic;
				DEVELOPMENT_TEAM = 4M6DBQ9CQX;
				INFOPLIST_FILE = "Stock-Quote-API-Demo-Project/Info.plist";
				IPHONEOS_DEPLOYMENT_TARGET = 10.0;
				LD_RUNPATH_SEARCH_PATHS = "$(inherited) @executable_path/Frameworks";
				PRODUCT_BUNDLE_IDENTIFIER = "Timothy-Peter.Stock-Quote-API-Demo-Project";
				PRODUCT_NAME = "$(TARGET_NAME)";
				SWIFT_VERSION = 4.0;
				TARGETED_DEVICE_FAMILY = "1,2";
			};
			name = Release;
		};
		22FAA39B1F998D9800346117 /* Debug */ = {
			isa = XCBuildConfiguration;
			baseConfigurationReference = 8F540BC0F814B9AEC4D224E8 /* Pods-Stock-Quote-API-Demo-ProjectTests.debug.xcconfig */;
			buildSettings = {
				ALWAYS_EMBED_SWIFT_STANDARD_LIBRARIES = YES;
				BUNDLE_LOADER = "$(TEST_HOST)";
				CODE_SIGN_STYLE = Automatic;
				DEVELOPMENT_TEAM = 4M6DBQ9CQX;
				INFOPLIST_FILE = "Stock-Quote-API-Demo-ProjectTests/Info.plist";
				LD_RUNPATH_SEARCH_PATHS = "$(inherited) @executable_path/Frameworks @loader_path/Frameworks";
				PRODUCT_BUNDLE_IDENTIFIER = "Timothy-Peter.Stock-Quote-API-Demo-ProjectTests";
				PRODUCT_NAME = "$(TARGET_NAME)";
				SWIFT_VERSION = 4.0;
				TARGETED_DEVICE_FAMILY = "1,2";
				TEST_HOST = "$(BUILT_PRODUCTS_DIR)/Stock-Quote-API-Demo-Project.app/Stock-Quote-API-Demo-Project";
			};
			name = Debug;
		};
		22FAA39C1F998D9800346117 /* Release */ = {
			isa = XCBuildConfiguration;
			baseConfigurationReference = 1FA463C1826F9D6CB23A49AD /* Pods-Stock-Quote-API-Demo-ProjectTests.release.xcconfig */;
			buildSettings = {
				ALWAYS_EMBED_SWIFT_STANDARD_LIBRARIES = YES;
				BUNDLE_LOADER = "$(TEST_HOST)";
				CODE_SIGN_STYLE = Automatic;
				DEVELOPMENT_TEAM = 4M6DBQ9CQX;
				INFOPLIST_FILE = "Stock-Quote-API-Demo-ProjectTests/Info.plist";
				LD_RUNPATH_SEARCH_PATHS = "$(inherited) @executable_path/Frameworks @loader_path/Frameworks";
				PRODUCT_BUNDLE_IDENTIFIER = "Timothy-Peter.Stock-Quote-API-Demo-ProjectTests";
				PRODUCT_NAME = "$(TARGET_NAME)";
				SWIFT_VERSION = 4.0;
				TARGETED_DEVICE_FAMILY = "1,2";
				TEST_HOST = "$(BUILT_PRODUCTS_DIR)/Stock-Quote-API-Demo-Project.app/Stock-Quote-API-Demo-Project";
			};
			name = Release;
		};
		22FAA39E1F998D9800346117 /* Debug */ = {
			isa = XCBuildConfiguration;
			baseConfigurationReference = F0B00C3949C51D0C41818E58 /* Pods-Stock-Quote-API-Demo-ProjectUITests.debug.xcconfig */;
			buildSettings = {
				ALWAYS_EMBED_SWIFT_STANDARD_LIBRARIES = YES;
				CODE_SIGN_STYLE = Automatic;
				DEVELOPMENT_TEAM = 4M6DBQ9CQX;
				INFOPLIST_FILE = "Stock-Quote-API-Demo-ProjectUITests/Info.plist";
				LD_RUNPATH_SEARCH_PATHS = "$(inherited) @executable_path/Frameworks @loader_path/Frameworks";
				PRODUCT_BUNDLE_IDENTIFIER = "Timothy-Peter.Stock-Quote-API-Demo-ProjectUITests";
				PRODUCT_NAME = "$(TARGET_NAME)";
				SWIFT_VERSION = 4.0;
				TARGETED_DEVICE_FAMILY = "1,2";
				TEST_TARGET_NAME = "Stock-Quote-API-Demo-Project";
			};
			name = Debug;
		};
		22FAA39F1F998D9800346117 /* Release */ = {
			isa = XCBuildConfiguration;
			baseConfigurationReference = 28753E10576E86903FCB8956 /* Pods-Stock-Quote-API-Demo-ProjectUITests.release.xcconfig */;
			buildSettings = {
				ALWAYS_EMBED_SWIFT_STANDARD_LIBRARIES = YES;
				CODE_SIGN_STYLE = Automatic;
				DEVELOPMENT_TEAM = 4M6DBQ9CQX;
				INFOPLIST_FILE = "Stock-Quote-API-Demo-ProjectUITests/Info.plist";
				LD_RUNPATH_SEARCH_PATHS = "$(inherited) @executable_path/Frameworks @loader_path/Frameworks";
				PRODUCT_BUNDLE_IDENTIFIER = "Timothy-Peter.Stock-Quote-API-Demo-ProjectUITests";
				PRODUCT_NAME = "$(TARGET_NAME)";
				SWIFT_VERSION = 4.0;
				TARGETED_DEVICE_FAMILY = "1,2";
				TEST_TARGET_NAME = "Stock-Quote-API-Demo-Project";
			};
			name = Release;
		};
/* End XCBuildConfiguration section */

/* Begin XCConfigurationList section */
		22FAA36A1F998D9700346117 /* Build configuration list for PBXProject "Stock-Quote-API-Demo-Project" */ = {
			isa = XCConfigurationList;
			buildConfigurations = (
				22FAA3951F998D9800346117 /* Debug */,
				22FAA3961F998D9800346117 /* Release */,
			);
			defaultConfigurationIsVisible = 0;
			defaultConfigurationName = Release;
		};
		22FAA3971F998D9800346117 /* Build configuration list for PBXNativeTarget "Stock-Quote-API-Demo-Project" */ = {
			isa = XCConfigurationList;
			buildConfigurations = (
				22FAA3981F998D9800346117 /* Debug */,
				22FAA3991F998D9800346117 /* Release */,
			);
			defaultConfigurationIsVisible = 0;
			defaultConfigurationName = Release;
		};
		22FAA39A1F998D9800346117 /* Build configuration list for PBXNativeTarget "Stock-Quote-API-Demo-ProjectTests" */ = {
			isa = XCConfigurationList;
			buildConfigurations = (
				22FAA39B1F998D9800346117 /* Debug */,
				22FAA39C1F998D9800346117 /* Release */,
			);
			defaultConfigurationIsVisible = 0;
			defaultConfigurationName = Release;
		};
		22FAA39D1F998D9800346117 /* Build configuration list for PBXNativeTarget "Stock-Quote-API-Demo-ProjectUITests" */ = {
			isa = XCConfigurationList;
			buildConfigurations = (
				22FAA39E1F998D9800346117 /* Debug */,
				22FAA39F1F998D9800346117 /* Release */,
			);
			defaultConfigurationIsVisible = 0;
			defaultConfigurationName = Release;
		};
/* End XCConfigurationList section */
	};
	rootObject = 22FAA3671F998D9700346117 /* Project object */;
}
